Microsoft Visual Studio Solution File, Format Version 12.00
# Visual Studio Version 17
VisualStudioVersion = 17.5.2.0
MinimumVisualStudioVersion = 10.0.40219.1
Project("{FAE04EC0-301F-11D3-BF4B-00C04F79EFBC}") = "gdPFX", "gdPFX.csproj", "{032DFF2E-3EFE-07DB-A7C2-4B2308A77911}"
EndProject
Global
	GlobalSection(SolutionConfigurationPlatforms) = preSolution
		Debug|Any CPU = Debug|Any CPU
		Release|Any CPU = Release|Any CPU
	EndGlobalSection
	GlobalSection(ProjectConfigurationPlatforms) = postSolution
		{032DFF2E-3EFE-07DB-A7C2-4B2308A77911}.Debug|Any CPU.ActiveCfg = Debug|Any CPU
		{032DFF2E-3EFE-07DB-A7C2-4B2308A77911}.Debug|Any CPU.Build.0 = Debug|Any CPU
		{032DFF2E-3EFE-07DB-A7C2-4B2308A77911}.Release|Any CPU.ActiveCfg = Release|Any CPU
		{032DFF2E-3EFE-07DB-A7C2-4B2308A77911}.Release|Any CPU.Build.0 = Release|Any CPU
	EndGlobalSection
	GlobalSection(SolutionProperties) = preSolution
		HideSolutionNode = FALSE
	EndGlobalSection
	GlobalSection(ExtensibilityGlobals) = postSolution
		SolutionGuid = {C6D6837B-1465-434A-A080-5F74F03AC25F}
	EndGlobalSection
EndGlobal
